
Microsoft Visual Studio Solution File, Format Version 12.00
# Visual Studio Version 16
VisualStudioVersion = 16.0.31005.135
MinimumVisualStudioVersion = 10.0.40219.1
Project("{FAE04EC0-301F-11D3-BF4B-00C04F79EFBC}") = "web-app-asp-net-mvc-pdf", "web-app-asp-net-mvc-pdf.csproj", "{56F5C60F-D126-4B3E-A217-43C1B444C934}"
EndProject
Global
	GlobalSection(SolutionConfigurationPlatforms) = preSolution
		Debug|Any CPU = Debug|Any CPU
		Release|Any CPU = Release|Any CPU
	EndGlobalSection
	GlobalSection(ProjectConfigurationPlatforms) = postSolution
		{56F5C60F-D126-4B3E-A217-43C1B444C934}.Debug|Any CPU.ActiveCfg = Debug|Any CPU
		{56F5C60F-D126-4B3E-A217-43C1B444C934}.Debug|Any CPU.Build.0 = Debug|Any CPU
		{56F5C60F-D126-4B3E-A217-43C1B444C934}.Release|Any CPU.ActiveCfg = Release|Any CPU
		{56F5C60F-D126-4B3E-A217-43C1B444C934}.Release|Any CPU.Build.0 = Release|Any CPU
	EndGlobalSection
	GlobalSection(SolutionProperties) = preSolution
		HideSolutionNode = FALSE
	EndGlobalSection
	GlobalSection(ExtensibilityGlobals) = postSolution
		SolutionGuid = {1DB7085E-6C36-40D2-996F-5A59904134EA}
	EndGlobalSection
EndGlobal
